
Microsoft Visual Studio Solution File, Format Version 12.00
# Visual Studio Version 17
VisualStudioVersion = 17.8.34511.84
MinimumVisualStudioVersion = 10.0.40219.1
Project("{FAE04EC0-301F-11D3-BF4B-00C04F79EFBC}") = "EcommerceManagement", "EcommerceManagement\EcommerceManagement.csproj", "{8BAF23B0-D996-4580-98CB-0EDB1CEB1595}"
EndProject
Global
	GlobalSection(SolutionConfigurationPlatforms) = preSolution
		Debug|Any CPU = Debug|Any CPU
		Release|Any CPU = Release|Any CPU
	EndGlobalSection
	GlobalSection(ProjectConfigurationPlatforms) = postSolution
		{8BAF23B0-D996-4580-98CB-0EDB1CEB1595}.Debug|Any CPU.ActiveCfg = Debug|Any CPU
		{8BAF23B0-D996-4580-98CB-0EDB1CEB1595}.Debug|Any CPU.Build.0 = Debug|Any CPU
		{8BAF23B0-D996-4580-98CB-0EDB1CEB1595}.Release|Any CPU.ActiveCfg = Release|Any CPU
		{8BAF23B0-D996-4580-98CB-0EDB1CEB1595}.Release|Any CPU.Build.0 = Release|Any CPU
	EndGlobalSection
	GlobalSection(SolutionProperties) = preSolution
		HideSolutionNode = FALSE
	EndGlobalSection
	GlobalSection(ExtensibilityGlobals) = postSolution
		SolutionGuid = {45FA65B0-F3E1-48FA-BC2F-123186A15E93}
	EndGlobalSection
EndGlobal
